
Microsoft Visual Studio Solution File, Format Version 12.00
# Visual Studio Version 17
VisualStudioVersion = 17.14.36930.0 d17.14
MinimumVisualStudioVersion = 10.0.40219.1
Project("{FAE04EC0-301F-11D3-BF4B-00C04F79EFBC}") = "Abyssal Quest", "Abyssal Quest\Abyssal Quest.csproj", "{0DD22C30-09CF-4782-BCE3-27650AF1F2D6}"
EndProject
Global
	GlobalSection(SolutionConfigurationPlatforms) = preSolution
		Debug|Any CPU = Debug|Any CPU
		Release|Any CPU = Release|Any CPU
	EndGlobalSection
	GlobalSection(ProjectConfigurationPlatforms) = postSolution
		{0DD22C30-09CF-4782-BCE3-27650AF1F2D6}.Debug|Any CPU.ActiveCfg = Debug|Any CPU
		{0DD22C30-09CF-4782-BCE3-27650AF1F2D6}.Debug|Any CPU.Build.0 = Debug|Any CPU
		{0DD22C30-09CF-4782-BCE3-27650AF1F2D6}.Release|Any CPU.ActiveCfg = Release|Any CPU
		{0DD22C30-09CF-4782-BCE3-27650AF1F2D6}.Release|Any CPU.Build.0 = Release|Any CPU
	EndGlobalSection
	GlobalSection(SolutionProperties) = preSolution
		HideSolutionNode = FALSE
	EndGlobalSection
	GlobalSection(ExtensibilityGlobals) = postSolution
		SolutionGuid = {1906D7D1-F663-4733-A187-AD30A25828DE}
	EndGlobalSection
EndGlobal
